
Microsoft Visual Studio Solution File, Format Version 12.00
# Visual Studio Version 17
VisualStudioVersion = 17.14.36429.23 d17.14
MinimumVisualStudioVersion = 10.0.40219.1
Project("{FAE04EC0-301F-11D3-BF4B-00C04F79EFBC}") = "TravelAgency", "TravelAgency\TravelAgency.csproj", "{497B598D-56DD-4061-9A48-540AF9446702}"
EndProject
Global
	GlobalSection(SolutionConfigurationPlatforms) = preSolution
		Debug|Any CPU = Debug|Any CPU
		Release|Any CPU = Release|Any CPU
	EndGlobalSection
	GlobalSection(ProjectConfigurationPlatforms) = postSolution
		{497B598D-56DD-4061-9A48-540AF9446702}.Debug|Any CPU.ActiveCfg = Debug|Any CPU
		{497B598D-56DD-4061-9A48-540AF9446702}.Debug|Any CPU.Build.0 = Debug|Any CPU
		{497B598D-56DD-4061-9A48-540AF9446702}.Release|Any CPU.ActiveCfg = Release|Any CPU
		{497B598D-56DD-4061-9A48-540AF9446702}.Release|Any CPU.Build.0 = Release|Any CPU
	EndGlobalSection
	GlobalSection(SolutionProperties) = preSolution
		HideSolutionNode = FALSE
	EndGlobalSection
	GlobalSection(ExtensibilityGlobals) = postSolution
		SolutionGuid = {C1E6048C-6402-4AC5-A335-24D7AD426841}
	EndGlobalSection
EndGlobal
